
Microsoft Visual Studio Solution File, Format Version 12.00
# Visual Studio Version 16
VisualStudioVersion = 16.0.30114.105
MinimumVisualStudioVersion = 10.0.40219.1
Project("{9A19103F-16F7-4668-BE54-9A1E7A4F7556}") = "BL", "BL\BL.csproj", "{8ABF5006-6220-411A-933E-9183E4F97CEA}"
EndProject
Project("{9A19103F-16F7-4668-BE54-9A1E7A4F7556}") = "DL", "DL\DL.csproj", "{14F10ED6-AA7B-4716-9355-66FD32172849}"
EndProject
Project("{9A19103F-16F7-4668-BE54-9A1E7A4F7556}") = "Models", "Models\Models.csproj", "{B8CDA0DB-2D2D-47FF-8FF3-F4EE35D04529}"
EndProject
Project("{9A19103F-16F7-4668-BE54-9A1E7A4F7556}") = "Tests", "Tests\Tests.csproj", "{055691F0-8FB5-43AA-8713-1A98E48B64D8}"
EndProject
Project("{FAE04EC0-301F-11D3-BF4B-00C04F79EFBC}") = "WebAPI", "WebAPI\WebAPI.csproj", "{F743F20E-522B-4963-BAF5-AE0066E774E7}"
EndProject
Global
	GlobalSection(SolutionConfigurationPlatforms) = preSolution
		Debug|Any CPU = Debug|Any CPU
		Debug|x64 = Debug|x64
		Debug|x86 = Debug|x86
		Release|Any CPU = Release|Any CPU
		Release|x64 = Release|x64
		Release|x86 = Release|x86
	EndGlobalSection
	GlobalSection(ProjectConfigurationPlatforms) = postSolution
		{8ABF5006-6220-411A-933E-9183E4F97CEA}.Debug|Any CPU.ActiveCfg = Debug|Any CPU
		{8ABF5006-6220-411A-933E-9183E4F97CEA}.Debug|Any CPU.Build.0 = Debug|Any CPU
		{8ABF5006-6220-411A-933E-9183E4F97CEA}.Debug|x64.ActiveCfg = Debug|Any CPU
		{8ABF5006-6220-411A-933E-9183E4F97CEA}.Debug|x64.Build.0 = Debug|Any CPU
		{8ABF5006-6220-411A-933E-9183E4F97CEA}.Debug|x86.ActiveCfg = Debug|Any CPU
		{8ABF5006-6220-411A-933E-9183E4F97CEA}.Debug|x86.Build.0 = Debug|Any CPU
		{8ABF5006-6220-411A-933E-9183E4F97CEA}.Release|Any CPU.ActiveCfg = Release|Any CPU
		{8ABF5006-6220-411A-933E-9183E4F97CEA}.Release|Any CPU.Build.0 = Release|Any CPU
		{8ABF5006-6220-411A-933E-9183E4F97CEA}.Release|x64.ActiveCfg = Release|Any CPU
		{8ABF5006-6220-411A-933E-9183E4F97CEA}.Release|x64.Build.0 = Release|Any CPU
		{8ABF5006-6220-411A-933E-9183E4F97CEA}.Release|x86.ActiveCfg = Release|Any CPU
		{8ABF5006-6220-411A-933E-9183E4F97CEA}.Release|x86.Build.0 = Release|Any CPU
		{14F10ED6-AA7B-4716-9355-66FD32172849}.Debug|Any CPU.ActiveCfg = Debug|Any CPU
		{14F10ED6-AA7B-4716-9355-66FD32172849}.Debug|Any CPU.Build.0 = Debug|Any CPU
		{14F10ED6-AA7B-4716-9355-66FD32172849}.Debug|x64.ActiveCfg = Debug|Any CPU
		{14F10ED6-AA7B-4716-9355-66FD32172849}.Debug|x64.Build.0 = Debug|Any CPU
		{14F10ED6-AA7B-4716-9355-66FD32172849}.Debug|x86.ActiveCfg = Debug|Any CPU
		{14F10ED6-AA7B-4716-9355-66FD32172849}.Debug|x86.Build.0 = Debug|Any CPU
		{14F10ED6-AA7B-4716-9355-66FD32172849}.Release|Any CPU.ActiveCfg = Release|Any CPU
		{14F10ED6-AA7B-4716-9355-66FD32172849}.Release|Any CPU.Build.0 = Release|Any CPU
		{14F10ED6-AA7B-4716-9355-66FD32172849}.Release|x64.ActiveCfg = Release|Any CPU
		{14F10ED6-AA7B-4716-9355-66FD32172849}.Release|x64.Build.0 = Release|Any CPU
		{14F10ED6-AA7B-4716-9355-66FD32172849}.Release|x86.ActiveCfg = Release|Any CPU
		{14F10ED6-AA7B-4716-9355-66FD32172849}.Release|x86.Build.0 = Release|Any CPU
		{B8CDA0DB-2D2D-47FF-8FF3-F4EE35D04529}.Debug|Any CPU.ActiveCfg = Debug|Any CPU
		{B8CDA0DB-2D2D-47FF-8FF3-F4EE35D04529}.Debug|Any CPU.Build.0 = Debug|Any CPU
		{B8CDA0DB-2D2D-47FF-8FF3-F4EE35D04529}.Debug|x64.ActiveCfg = Debug|Any CPU
		{B8CDA0DB-2D2D-47FF-8FF3-F4EE35D04529}.Debug|x64.Build.0 = Debug|Any CPU
		{B8CDA0DB-2D2D-47FF-8FF3-F4EE35D04529}.Debug|x86.ActiveCfg = Debug|Any CPU
		{B8CDA0DB-2D2D-47FF-8FF3-F4EE35D04529}.Debug|x86.Build.0 = Debug|Any CPU
		{B8CDA0DB-2D2D-47FF-8FF3-F4EE35D04529}.Release|Any CPU.ActiveCfg = Release|Any CPU
		{B8CDA0DB-2D2D-47FF-8FF3-F4EE35D04529}.Release|Any CPU.Build.0 = Release|Any CPU
		{B8CDA0DB-2D2D-47FF-8FF3-F4EE35D04529}.Release|x64.ActiveCfg = Release|Any CPU
		{B8CDA0DB-2D2D-47FF-8FF3-F4EE35D04529}.Release|x64.Build.0 = Release|Any CPU
		{B8CDA0DB-2D2D-47FF-8FF3-F4EE35D04529}.Release|x86.ActiveCfg = Release|Any CPU
		{B8CDA0DB-2D2D-47FF-8FF3-F4EE35D04529}.Release|x86.Build.0 = Release|Any CPU
		{055691F0-8FB5-43AA-8713-1A98E48B64D8}.Debug|Any CPU.ActiveCfg = Debug|Any CPU
		{055691F0-8FB5-43AA-8713-1A98E48B64D8}.Debug|Any CPU.Build.0 = Debug|Any CPU
		{055691F0-8FB5-43AA-8713-1A98E48B64D8}.Debug|x64.ActiveCfg = Debug|Any CPU
		{055691F0-8FB5-43AA-8713-1A98E48B64D8}.Debug|x64.Build.0 = Debug|Any CPU
		{055691F0-8FB5-43AA-8713-1A98E48B64D8}.Debug|x86.ActiveCfg = Debug|Any CPU
		{055691F0-8FB5-43AA-8713-1A98E48B64D8}.Debug|x86.Build.0 = Debug|Any CPU
		{055691F0-8FB5-43AA-8713-1A98E48B64D8}.Release|Any CPU.ActiveCfg = Release|Any CPU
		{055691F0-8FB5-43AA-8713-1A98E48B64D8}.Release|Any CPU.Build.0 = Release|Any CPU
		{055691F0-8FB5-43AA-8713-1A98E48B64D8}.Release|x64.ActiveCfg = Release|Any CPU
		{055691F0-8FB5-43AA-8713-1A98E48B64D8}.Release|x64.Build.0 = Release|Any CPU
		{055691F0-8FB5-43AA-8713-1A98E48B64D8}.Release|x86.ActiveCfg = Release|Any CPU
		{055691F0-8FB5-43AA-8713-1A98E48B64D8}.Release|x86.Build.0 = Release|Any CPU
		{F743F20E-522B-4963-BAF5-AE0066E774E7}.Debug|Any CPU.ActiveCfg = Debug|Any CPU
		{F743F20E-522B-4963-BAF5-AE0066E774E7}.Debug|Any CPU.Build.0 = Debug|Any CPU
		{F743F20E-522B-4963-BAF5-AE0066E774E7}.Debug|x64.ActiveCfg = Debug|Any CPU
		{F743F20E-522B-4963-BAF5-AE0066E774E7}.Debug|x64.Build.0 = Debug|Any CPU
		{F743F20E-522B-4963-BAF5-AE0066E774E7}.Debug|x86.ActiveCfg = Debug|Any CPU
		{F743F20E-522B-4963-BAF5-AE0066E774E7}.Debug|x86.Build.0 = Debug|Any CPU
		{F743F20E-522B-4963-BAF5-AE0066E774E7}.Release|Any CPU.ActiveCfg = Release|Any CPU
		{F743F20E-522B-4963-BAF5-AE0066E774E7}.Release|Any CPU.Build.0 = Release|Any CPU
		{F743F20E-522B-4963-BAF5-AE0066E774E7}.Release|x64.ActiveCfg = Release|Any CPU
		{F743F20E-522B-4963-BAF5-AE0066E774E7}.Release|x64.Build.0 = Release|Any CPU
		{F743F20E-522B-4963-BAF5-AE0066E774E7}.Release|x86.ActiveCfg = Release|Any CPU
		{F743F20E-522B-4963-BAF5-AE0066E774E7}.Release|x86.Build.0 = Release|Any CPU
	EndGlobalSection
	GlobalSection(SolutionProperties) = preSolution
		HideSolutionNode = FALSE
	EndGlobalSection
	GlobalSection(ExtensibilityGlobals) = postSolution
		SolutionGuid = {986798C2-6F83-41C8-8B3C-B6C51FFA1834}
	EndGlobalSection
EndGlobal
