
Microsoft Visual Studio Solution File, Format Version 12.00
# Visual Studio Version 16
VisualStudioVersion = 16.0.30114.105
MinimumVisualStudioVersion = 10.0.40219.1
Project("{9A19103F-16F7-4668-BE54-9A1E7A4F7556}") = "DL", "DL\DL.csproj", "{5880A219-D5BF-4872-B90D-7AC52567C354}"
EndProject
Project("{9A19103F-16F7-4668-BE54-9A1E7A4F7556}") = "BL", "BL\BL.csproj", "{D3F7CD99-D186-4731-A153-55A6E842383F}"
EndProject
Project("{9A19103F-16F7-4668-BE54-9A1E7A4F7556}") = "Models", "Models\Models.csproj", "{44455A34-FBC5-4596-8039-D54FC619F80A}"
EndProject
Project("{9A19103F-16F7-4668-BE54-9A1E7A4F7556}") = "Tests", "Tests\Tests.csproj", "{18EE8CEA-154A-4D75-B2E3-0959C3754554}"
EndProject
Project("{FAE04EC0-301F-11D3-BF4B-00C04F79EFBC}") = "WebAPI", "WebAPI\WebAPI.csproj", "{49411DAF-73BC-468A-8E32-9A648118E63E}"
EndProject
Global
	GlobalSection(SolutionConfigurationPlatforms) = preSolution
		Debug|Any CPU = Debug|Any CPU
		Debug|x64 = Debug|x64
		Debug|x86 = Debug|x86
		Release|Any CPU = Release|Any CPU
		Release|x64 = Release|x64
		Release|x86 = Release|x86
	EndGlobalSection
	GlobalSection(ProjectConfigurationPlatforms) = postSolution
		{5880A219-D5BF-4872-B90D-7AC52567C354}.Debug|Any CPU.ActiveCfg = Debug|Any CPU
		{5880A219-D5BF-4872-B90D-7AC52567C354}.Debug|Any CPU.Build.0 = Debug|Any CPU
		{5880A219-D5BF-4872-B90D-7AC52567C354}.Debug|x64.ActiveCfg = Debug|Any CPU
		{5880A219-D5BF-4872-B90D-7AC52567C354}.Debug|x64.Build.0 = Debug|Any CPU
		{5880A219-D5BF-4872-B90D-7AC52567C354}.Debug|x86.ActiveCfg = Debug|Any CPU
		{5880A219-D5BF-4872-B90D-7AC52567C354}.Debug|x86.Build.0 = Debug|Any CPU
		{5880A219-D5BF-4872-B90D-7AC52567C354}.Release|Any CPU.ActiveCfg = Release|Any CPU
		{5880A219-D5BF-4872-B90D-7AC52567C354}.Release|Any CPU.Build.0 = Release|Any CPU
		{5880A219-D5BF-4872-B90D-7AC52567C354}.Release|x64.ActiveCfg = Release|Any CPU
		{5880A219-D5BF-4872-B90D-7AC52567C354}.Release|x64.Build.0 = Release|Any CPU
		{5880A219-D5BF-4872-B90D-7AC52567C354}.Release|x86.ActiveCfg = Release|Any CPU
		{5880A219-D5BF-4872-B90D-7AC52567C354}.Release|x86.Build.0 = Release|Any CPU
		{D3F7CD99-D186-4731-A153-55A6E842383F}.Debug|Any CPU.ActiveCfg = Debug|Any CPU
		{D3F7CD99-D186-4731-A153-55A6E842383F}.Debug|Any CPU.Build.0 = Debug|Any CPU
		{D3F7CD99-D186-4731-A153-55A6E842383F}.Debug|x64.ActiveCfg = Debug|Any CPU
		{D3F7CD99-D186-4731-A153-55A6E842383F}.Debug|x64.Build.0 = Debug|Any CPU
		{D3F7CD99-D186-4731-A153-55A6E842383F}.Debug|x86.ActiveCfg = Debug|Any CPU
		{D3F7CD99-D186-4731-A153-55A6E842383F}.Debug|x86.Build.0 = Debug|Any CPU
		{D3F7CD99-D186-4731-A153-55A6E842383F}.Release|Any CPU.ActiveCfg = Release|Any CPU
		{D3F7CD99-D186-4731-A153-55A6E842383F}.Release|Any CPU.Build.0 = Release|Any CPU
		{D3F7CD99-D186-4731-A153-55A6E842383F}.Release|x64.ActiveCfg = Release|Any CPU
		{D3F7CD99-D186-4731-A153-55A6E842383F}.Release|x64.Build.0 = Release|Any CPU
		{D3F7CD99-D186-4731-A153-55A6E842383F}.Release|x86.ActiveCfg = Release|Any CPU
		{D3F7CD99-D186-4731-A153-55A6E842383F}.Release|x86.Build.0 = Release|Any CPU
		{44455A34-FBC5-4596-8039-D54FC619F80A}.Debug|Any CPU.ActiveCfg = Debug|Any CPU
		{44455A34-FBC5-4596-8039-D54FC619F80A}.Debug|Any CPU.Build.0 = Debug|Any CPU
		{44455A34-FBC5-4596-8039-D54FC619F80A}.Debug|x64.ActiveCfg = Debug|Any CPU
		{44455A34-FBC5-4596-8039-D54FC619F80A}.Debug|x64.Build.0 = Debug|Any CPU
		{44455A34-FBC5-4596-8039-D54FC619F80A}.Debug|x86.ActiveCfg = Debug|Any CPU
		{44455A34-FBC5-4596-8039-D54FC619F80A}.Debug|x86.Build.0 = Debug|Any CPU
		{44455A34-FBC5-4596-8039-D54FC619F80A}.Release|Any CPU.ActiveCfg = Release|Any CPU
		{44455A34-FBC5-4596-8039-D54FC619F80A}.Release|Any CPU.Build.0 = Release|Any CPU
		{44455A34-FBC5-4596-8039-D54FC619F80A}.Release|x64.ActiveCfg = Release|Any CPU
		{44455A34-FBC5-4596-8039-D54FC619F80A}.Release|x64.Build.0 = Release|Any CPU
		{44455A34-FBC5-4596-8039-D54FC619F80A}.Release|x86.ActiveCfg = Release|Any CPU
		{44455A34-FBC5-4596-8039-D54FC619F80A}.Release|x86.Build.0 = Release|Any CPU
		{18EE8CEA-154A-4D75-B2E3-0959C3754554}.Debug|Any CPU.ActiveCfg = Debug|Any CPU
		{18EE8CEA-154A-4D75-B2E3-0959C3754554}.Debug|Any CPU.Build.0 = Debug|Any CPU
		{18EE8CEA-154A-4D75-B2E3-0959C3754554}.Debug|x64.ActiveCfg = Debug|Any CPU
		{18EE8CEA-154A-4D75-B2E3-0959C3754554}.Debug|x64.Build.0 = Debug|Any CPU
		{18EE8CEA-154A-4D75-B2E3-0959C3754554}.Debug|x86.ActiveCfg = Debug|Any CPU
		{18EE8CEA-154A-4D75-B2E3-0959C3754554}.Debug|x86.Build.0 = Debug|Any CPU
		{18EE8CEA-154A-4D75-B2E3-0959C3754554}.Release|Any CPU.ActiveCfg = Release|Any CPU
		{18EE8CEA-154A-4D75-B2E3-0959C3754554}.Release|Any CPU.Build.0 = Release|Any CPU
		{18EE8CEA-154A-4D75-B2E3-0959C3754554}.Release|x64.ActiveCfg = Release|Any CPU
		{18EE8CEA-154A-4D75-B2E3-0959C3754554}.Release|x64.Build.0 = Release|Any CPU
		{18EE8CEA-154A-4D75-B2E3-0959C3754554}.Release|x86.ActiveCfg = Release|Any CPU
		{18EE8CEA-154A-4D75-B2E3-0959C3754554}.Release|x86.Build.0 = Release|Any CPU
		{49411DAF-73BC-468A-8E32-9A648118E63E}.Debug|Any CPU.ActiveCfg = Debug|Any CPU
		{49411DAF-73BC-468A-8E32-9A648118E63E}.Debug|Any CPU.Build.0 = Debug|Any CPU
		{49411DAF-73BC-468A-8E32-9A648118E63E}.Debug|x64.ActiveCfg = Debug|Any CPU
		{49411DAF-73BC-468A-8E32-9A648118E63E}.Debug|x64.Build.0 = Debug|Any CPU
		{49411DAF-73BC-468A-8E32-9A648118E63E}.Debug|x86.ActiveCfg = Debug|Any CPU
		{49411DAF-73BC-468A-8E32-9A648118E63E}.Debug|x86.Build.0 = Debug|Any CPU
		{49411DAF-73BC-468A-8E32-9A648118E63E}.Release|Any CPU.ActiveCfg = Release|Any CPU
		{49411DAF-73BC-468A-8E32-9A648118E63E}.Release|Any CPU.Build.0 = Release|Any CPU
		{49411DAF-73BC-468A-8E32-9A648118E63E}.Release|x64.ActiveCfg = Release|Any CPU
		{49411DAF-73BC-468A-8E32-9A648118E63E}.Release|x64.Build.0 = Release|Any CPU
		{49411DAF-73BC-468A-8E32-9A648118E63E}.Release|x86.ActiveCfg = Release|Any CPU
		{49411DAF-73BC-468A-8E32-9A648118E63E}.Release|x86.Build.0 = Release|Any CPU
	EndGlobalSection
	GlobalSection(SolutionProperties) = preSolution
		HideSolutionNode = FALSE
	EndGlobalSection
	GlobalSection(ExtensibilityGlobals) = postSolution
		SolutionGuid = {8751F3F0-F204-473A-B3E3-A67CDF363641}
	EndGlobalSection
EndGlobal
